// !$*UTF8*$!
{
	archiveVersion = 1;
	classes = {
	};
	objectVersion = 56;
	objects = {

/* Begin PBXBuildFile section */
		AC2DCDD128D961D700283349 /* History.swift in Sources */ = {isa = PBXBuildFile; fileRef = AC2DCDD028D961D700283349 /* History.swift */; };
		AC3EFE0D28DC263D00DC30B5 /* MeetingTimerView.swift in Sources */ = {isa = PBXBuildFile; fileRef = AC3EFE0C28DC263D00DC30B5 /* MeetingTimerView.swift */; };
		AC3EFE0F28DC2A1700DC30B5 /* SpeakerArc.swift in Sources */ = {isa = PBXBuildFile; fileRef = AC3EFE0E28DC2A1700DC30B5 /* SpeakerArc.swift */; };
		AC45892A28DDB647006F7CF2 /* SpeechRecognizer.swift in Sources */ = {isa = PBXBuildFile; fileRef = AC45892928DDB647006F7CF2 /* SpeechRecognizer.swift */; };
		AC45892C28DDBCA6006F7CF2 /* HistoryView.swift in Sources */ = {isa = PBXBuildFile; fileRef = AC45892B28DDBCA6006F7CF2 /* HistoryView.swift */; };
		AC5EAD7B28D97A7D0084D1F7 /* ScrumStore.swift in Sources */ = {isa = PBXBuildFile; fileRef = AC5EAD7A28D97A7D0084D1F7 /* ScrumStore.swift */; };
		AC73139728DB108C00ECB605 /* ErrorWrapper.swift in Sources */ = {isa = PBXBuildFile; fileRef = AC73139628DB108C00ECB605 /* ErrorWrapper.swift */; };
		AC73139928DB113400ECB605 /* ErrorView.swift in Sources */ = {isa = PBXBuildFile; fileRef = AC73139828DB113400ECB605 /* ErrorView.swift */; };
		AC9A6C97281E616000E50BD3 /* ScrumdingerApp.swift in Sources */ = {isa = PBXBuildFile; fileRef = AC9A6C96281E616000E50BD3 /* ScrumdingerApp.swift */; };
		AC9A6C99281E616000E50BD3 /* MeetingView.swift in Sources */ = {isa = PBXBuildFile; fileRef = AC9A6C98281E616000E50BD3 /* MeetingView.swift */; };
		AC9A6C9B281E616200E50BD3 /* Assets.xcassets in Resources */ = {isa = PBXBuildFile; fileRef = AC9A6C9A281E616200E50BD3 /* Assets.xcassets */; };
		AC9A6C9E281E616200E50BD3 /* Preview Assets.xcassets in Resources */ = {isa = PBXBuildFile; fileRef = AC9A6C9D281E616200E50BD3 /* Preview Assets.xcassets */; };
		AC9A6CA6281E670500E50BD3 /* Theme.swift in Sources */ = {isa = PBXBuildFile; fileRef = AC9A6CA5281E670500E50BD3 /* Theme.swift */; };
		AC9A6CA8281E682600E50BD3 /* DailyScrum.swift in Sources */ = {isa = PBXBuildFile; fileRef = AC9A6CA7281E682600E50BD3 /* DailyScrum.swift */; };
		AC9A6CAA281E69AD00E50BD3 /* CardView.swift in Sources */ = {isa = PBXBuildFile; fileRef = AC9A6CA9281E69AD00E50BD3 /* CardView.swift */; };
		AC9A6CAC281E6BA400E50BD3 /* TrailingIconLabelStyle.swift in Sources */ = {isa = PBXBuildFile; fileRef = AC9A6CAB281E6BA400E50BD3 /* TrailingIconLabelStyle.swift */; };
		AC9A6CAE281E6E4800E50BD3 /* ScrumsView.swift in Sources */ = {isa = PBXBuildFile; fileRef = AC9A6CAD281E6E4800E50BD3 /* ScrumsView.swift */; };
		ACAB85312823DF4400DB410C /* DetailView.swift in Sources */ = {isa = PBXBuildFile; fileRef = ACAB85302823DF4400DB410C /* DetailView.swift */; };
		ACAB85332823E93B00DB410C /* DetailEditView.swift in Sources */ = {isa = PBXBuildFile; fileRef = ACAB85322823E93B00DB410C /* DetailEditView.swift */; };
		ACB5FA202828DDBB004DA364 /* ThemeView.swift in Sources */ = {isa = PBXBuildFile; fileRef = ACB5FA1F2828DDBB004DA364 /* ThemeView.swift */; };
		ACB5FA222828E0FE004DA364 /* ThemePicker.swift in Sources */ = {isa = PBXBuildFile; fileRef = ACB5FA212828E0FE004DA364 /* ThemePicker.swift */; };
		ACF570D9284B95A9004924B0 /* MeetingHeaderView.swift in Sources */ = {isa = PBXBuildFile; fileRef = ACF570D8284B95A9004924B0 /* MeetingHeaderView.swift */; };
		ACF570DB284BA3EA004924B0 /* ScrumProgressViewStyle.swift in Sources */ = {isa = PBXBuildFile; fileRef = ACF570DA284BA3EA004924B0 /* ScrumProgressViewStyle.swift */; };
		ACF570DD284BA531004924B0 /* ScrumTimer.swift in Sources */ = {isa = PBXBuildFile; fileRef = ACF570DC284BA531004924B0 /* ScrumTimer.swift */; };
		ACF570DF284BAB41004924B0 /* MeetingFooterView.swift in Sources */ = {isa = PBXBuildFile; fileRef = ACF570DE284BAB41004924B0 /* MeetingFooterView.swift */; };
		ACF570E3284BB020004924B0 /* ding.wav in Resources */ = {isa = PBXBuildFile; fileRef = ACF570E2284BB020004924B0 /* ding.wav */; };
		ACFC018B28D8AD1200DF3024 /* AVPlayer+Ding.swift in Sources */ = {isa = PBXBuildFile; fileRef = ACFC018A28D8AD1200DF3024 /* AVPlayer+Ding.swift */; };
/* End PBXBuildFile section */

/* Begin PBXFileReference section */
		AC2DCDD028D961D700283349 /* History.swift */ = {isa = PBXFileReference; lastKnownFileType = sourcecode.swift; path = History.swift; sourceTree = "<group>"; };
		AC3EFE0C28DC263D00DC30B5 /* MeetingTimerView.swift */ = {isa = PBXFileReference; lastKnownFileType = sourcecode.swift; path = MeetingTimerView.swift; sourceTree = "<group>"; };
		AC3EFE0E28DC2A1700DC30B5 /* SpeakerArc.swift */ = {isa = PBXFileReference; lastKnownFileType = sourcecode.swift; path = SpeakerArc.swift; sourceTree = "<group>"; };
		AC45892928DDB647006F7CF2 /* SpeechRecognizer.swift */ = {isa = PBXFileReference; fileEncoding = 4; lastKnownFileType = sourcecode.swift; path = SpeechRecognizer.swift; sourceTree = "<group>"; };
		AC45892B28DDBCA6006F7CF2 /* HistoryView.swift */ = {isa = PBXFileReference; lastKnownFileType = sourcecode.swift; path = HistoryView.swift; sourceTree = "<group>"; };
		AC5EAD7A28D97A7D0084D1F7 /* ScrumStore.swift */ = {isa = PBXFileReference; lastKnownFileType = sourcecode.swift; path = ScrumStore.swift; sourceTree = "<group>"; };
		AC5F25CC28D8A5C2005F3F87 /* info.plist */ = {isa = PBXFileReference; lastKnownFileType = text.plist.xml; path = info.plist; sourceTree = "<group>"; };
		AC73139628DB108C00ECB605 /* ErrorWrapper.swift */ = {isa = PBXFileReference; lastKnownFileType = sourcecode.swift; path = ErrorWrapper.swift; sourceTree = "<group>"; };
		AC73139828DB113400ECB605 /* ErrorView.swift */ = {isa = PBXFileReference; lastKnownFileType = sourcecode.swift; path = ErrorView.swift; sourceTree = "<group>"; };
		AC9A6C93281E616000E50BD3 /* Scrumdinger.app */ = {isa = PBXFileReference; explicitFileType = wrapper.application; includeInIndex = 0; path = Scrumdinger.app; sourceTree = BUILT_PRODUCTS_DIR; };
		AC9A6C96281E616000E50BD3 /* ScrumdingerApp.swift */ = {isa = PBXFileReference; lastKnownFileType = sourcecode.swift; path = ScrumdingerApp.swift; sourceTree = "<group>"; };
		AC9A6C98281E616000E50BD3 /* MeetingView.swift */ = {isa = PBXFileReference; lastKnownFileType = sourcecode.swift; path = MeetingView.swift; sourceTree = "<group>"; };
		AC9A6C9A281E616200E50BD3 /* Assets.xcassets */ = {isa = PBXFileReference; lastKnownFileType = folder.assetcatalog; path = Assets.xcassets; sourceTree = "<group>"; };
		AC9A6C9D281E616200E50BD3 /* Preview Assets.xcassets */ = {isa = PBXFileReference; lastKnownFileType = folder.assetcatalog; path = "Preview Assets.xcassets"; sourceTree = "<group>"; };
		AC9A6CA5281E670500E50BD3 /* Theme.swift */ = {isa = PBXFileReference; lastKnownFileType = sourcecode.swift; path = Theme.swift; sourceTree = "<group>"; };
		AC9A6CA7281E682600E50BD3 /* DailyScrum.swift */ = {isa = PBXFileReference; lastKnownFileType = sourcecode.swift; path = DailyScrum.swift; sourceTree = "<group>"; };
		AC9A6CA9281E69AD00E50BD3 /* CardView.swift */ = {isa = PBXFileReference; lastKnownFileType = sourcecode.swift; path = CardView.swift; sourceTree = "<group>"; };
		AC9A6CAB281E6BA400E50BD3 /* TrailingIconLabelStyle.swift */ = {isa = PBXFileReference; lastKnownFileType = sourcecode.swift; path = TrailingIconLabelStyle.swift; sourceTree = "<group>"; };
		AC9A6CAD281E6E4800E50BD3 /* ScrumsView.swift */ = {isa = PBXFileReference; lastKnownFileType = sourcecode.swift; path = ScrumsView.swift; sourceTree = "<group>"; };
		ACAB85302823DF4400DB410C /* DetailView.swift */ = {isa = PBXFileReference; lastKnownFileType = sourcecode.swift; path = DetailView.swift; sourceTree = "<group>"; };
		ACAB85322823E93B00DB410C /* DetailEditView.swift */ = {isa = PBXFileReference; lastKnownFileType = sourcecode.swift; path = DetailEditView.swift; sourceTree = "<group>"; };
		ACB5FA1F2828DDBB004DA364 /* ThemeView.swift */ = {isa = PBXFileReference; lastKnownFileType = sourcecode.swift; path = ThemeView.swift; sourceTree = "<group>"; };
		ACB5FA212828E0FE004DA364 /* ThemePicker.swift */ = {isa = PBXFileReference; lastKnownFileType = sourcecode.swift; path = ThemePicker.swift; sourceTree = "<group>"; };
		ACF570D8284B95A9004924B0 /* MeetingHeaderView.swift */ = {isa = PBXFileReference; lastKnownFileType = sourcecode.swift; path = MeetingHeaderView.swift; sourceTree = "<group>"; };
		ACF570DA284BA3EA004924B0 /* ScrumProgressViewStyle.swift */ = {isa = PBXFileReference; fileEncoding = 4; lastKnownFileType = sourcecode.swift; path = ScrumProgressViewStyle.swift; sourceTree = "<group>"; };
		ACF570DC284BA531004924B0 /* ScrumTimer.swift */ = {isa = PBXFileReference; fileEncoding = 4; lastKnownFileType = sourcecode.swift; path = ScrumTimer.swift; sourceTree = "<group>"; };
		ACF570DE284BAB41004924B0 /* MeetingFooterView.swift */ = {isa = PBXFileReference; lastKnownFileType = sourcecode.swift; path = MeetingFooterView.swift; sourceTree = "<group>"; };
		ACF570E2284BB020004924B0 /* ding.wav */ = {isa = PBXFileReference; lastKnownFileType = audio.wav; path = ding.wav; sourceTree = "<group>"; };
		ACFC018A28D8AD1200DF3024 /* AVPlayer+Ding.swift */ = {isa = PBXFileReference; lastKnownFileType = sourcecode.swift; path = "AVPlayer+Ding.swift"; sourceTree = "<group>"; };
/* End PBXFileReference section */

/* Begin PBXFrameworksBuildPhase section */
		AC9A6C90281E616000E50BD3 /* Frameworks */ = {
			isa = PBXFrameworksBuildPhase;
			buildActionMask = 2147483647;
			files = (
			);
			runOnlyForDeploymentPostprocessing = 0;
		};
/* End PBXFrameworksBuildPhase section */

/* Begin PBXGroup section */
		AC9A6C8A281E616000E50BD3 = {
			isa = PBXGroup;
			children = (
				AC5F25CC28D8A5C2005F3F87 /* info.plist */,
				AC9A6C95281E616000E50BD3 /* Scrumdinger */,
				AC9A6C94281E616000E50BD3 /* Products */,
			);
			sourceTree = "<group>";
		};
		AC9A6C94281E616000E50BD3 /* Products */ = {
			isa = PBXGroup;
			children = (
				AC9A6C93281E616000E50BD3 /* Scrumdinger.app */,
			);
			name = Products;
			sourceTree = "<group>";
		};
		AC9A6C95281E616000E50BD3 /* Scrumdinger */ = {
			isa = PBXGroup;
			children = (
				AC9A6CA4281E66E300E50BD3 /* Models */,
				AC9A6C96281E616000E50BD3 /* ScrumdingerApp.swift */,
				AC73139828DB113400ECB605 /* ErrorView.swift */,
				ACB5FA1F2828DDBB004DA364 /* ThemeView.swift */,
				AC9A6CA9281E69AD00E50BD3 /* CardView.swift */,
				AC3EFE0C28DC263D00DC30B5 /* MeetingTimerView.swift */,
				AC45892B28DDBCA6006F7CF2 /* HistoryView.swift */,
				AC9A6CAB281E6BA400E50BD3 /* TrailingIconLabelStyle.swift */,
				AC9A6CAD281E6E4800E50BD3 /* ScrumsView.swift */,
				AC9A6C98281E616000E50BD3 /* MeetingView.swift */,
				AC3EFE0E28DC2A1700DC30B5 /* SpeakerArc.swift */,
				ACAB85302823DF4400DB410C /* DetailView.swift */,
				ACAB85322823E93B00DB410C /* DetailEditView.swift */,
				ACB5FA212828E0FE004DA364 /* ThemePicker.swift */,
				ACF570D8284B95A9004924B0 /* MeetingHeaderView.swift */,
				ACF570DA284BA3EA004924B0 /* ScrumProgressViewStyle.swift */,
				ACF570E2284BB020004924B0 /* ding.wav */,
				ACF570DE284BAB41004924B0 /* MeetingFooterView.swift */,
				AC9A6C9A281E616200E50BD3 /* Assets.xcassets */,
				AC9A6C9C281E616200E50BD3 /* Preview Content */,
			);
			path = Scrumdinger;
			sourceTree = "<group>";
		};
		AC9A6C9C281E616200E50BD3 /* Preview Content */ = {
			isa = PBXGroup;
			children = (
				AC9A6C9D281E616200E50BD3 /* Preview Assets.xcassets */,
			);
			path = "Preview Content";
			sourceTree = "<group>";
		};
		AC9A6CA4281E66E300E50BD3 /* Models */ = {
			isa = PBXGroup;
			children = (
				AC45892928DDB647006F7CF2 /* SpeechRecognizer.swift */,
				AC73139628DB108C00ECB605 /* ErrorWrapper.swift */,
				AC9A6CA7281E682600E50BD3 /* DailyScrum.swift */,
				ACF570DC284BA531004924B0 /* ScrumTimer.swift */,
				AC9A6CA5281E670500E50BD3 /* Theme.swift */,
				ACFC018A28D8AD1200DF3024 /* AVPlayer+Ding.swift */,
				AC2DCDD028D961D700283349 /* History.swift */,
				AC5EAD7A28D97A7D0084D1F7 /* ScrumStore.swift */,
			);
			path = Models;
			sourceTree = "<group>";
		};
/* End PBXGroup section */

/* Begin PBXNativeTarget section */
		AC9A6C92281E616000E50BD3 /* Scrumdinger */ = {
			isa = PBXNativeTarget;
			buildConfigurationList = AC9A6CA1281E616200E50BD3 /* Build configuration list for PBXNativeTarget "Scrumdinger" */;
			buildPhases = (
				AC9A6C8F281E616000E50BD3 /* Sources */,
				AC9A6C90281E616000E50BD3 /* Frameworks */,
				AC9A6C91281E616000E50BD3 /* Resources */,
			);
			buildRules = (
			);
			dependencies = (
			);
			name = Scrumdinger;
			productName = Scrumdinger;
			productReference = AC9A6C93281E616000E50BD3 /* Scrumdinger.app */;
			productType = "com.apple.product-type.application";
		};
/* End PBXNativeTarget section */

/* Begin PBXProject section */
		AC9A6C8B281E616000E50BD3 /* Project object */ = {
			isa = PBXProject;
			attributes = {
				BuildIndependentTargetsInParallel = 1;
				LastSwiftUpdateCheck = 1330;
				LastUpgradeCheck = 1330;
				TargetAttributes = {
					AC9A6C92281E616000E50BD3 = {
						CreatedOnToolsVersion = 13.3.1;
					};
				};
			};
			buildConfigurationList = AC9A6C8E281E616000E50BD3 /* Build configuration list for PBXProject "Scrumdinger" */;
			compatibilityVersion = "Xcode 14.0";
			developmentRegion = en;
			hasScannedForEncodings = 0;
			knownRegions = (
				en,
				Base,
			);
			mainGroup = AC9A6C8A281E616000E50BD3;
			productRefGroup = AC9A6C94281E616000E50BD3 /* Products */;
			projectDirPath = "";
			projectRoot = "";
			targets = (
				AC9A6C92281E616000E50BD3 /* Scrumdinger */,
			);
		};
/* End PBXProject section */

/* Begin PBXResourcesBuildPhase section */
		AC9A6C91281E616000E50BD3 /* Resources */ = {
			isa = PBXResourcesBuildPhase;
			buildActionMask = 2147483647;
			files = (
				ACF570E3284BB020004924B0 /* ding.wav in Resources */,
				AC9A6C9E281E616200E50BD3 /* Preview Assets.xcassets in Resources */,
				AC9A6C9B281E616200E50BD3 /* Assets.xcassets in Resources */,
			);
			runOnlyForDeploymentPostprocessing = 0;
		};
/* End PBXResourcesBuildPhase section */

/* Begin PBXSourcesBuildPhase section */
		AC9A6C8F281E616000E50BD3 /* Sources */ = {
			isa = PBXSourcesBuildPhase;
			buildActionMask = 2147483647;
			files = (
				AC2DCDD128D961D700283349 /* History.swift in Sources */,
				AC45892C28DDBCA6006F7CF2 /* HistoryView.swift in Sources */,
				ACB5FA222828E0FE004DA364 /* ThemePicker.swift in Sources */,
				ACF570DB284BA3EA004924B0 /* ScrumProgressViewStyle.swift in Sources */,
				ACF570DF284BAB41004924B0 /* MeetingFooterView.swift in Sources */,
				AC5EAD7B28D97A7D0084D1F7 /* ScrumStore.swift in Sources */,
				ACF570DD284BA531004924B0 /* ScrumTimer.swift in Sources */,
				AC9A6CA8281E682600E50BD3 /* DailyScrum.swift in Sources */,
				ACAB85312823DF4400DB410C /* DetailView.swift in Sources */,
				ACF570D9284B95A9004924B0 /* MeetingHeaderView.swift in Sources */,
				AC3EFE0D28DC263D00DC30B5 /* MeetingTimerView.swift in Sources */,
				ACAB85332823E93B00DB410C /* DetailEditView.swift in Sources */,
				AC73139728DB108C00ECB605 /* ErrorWrapper.swift in Sources */,
				AC9A6CAC281E6BA400E50BD3 /* TrailingIconLabelStyle.swift in Sources */,
				AC9A6CA6281E670500E50BD3 /* Theme.swift in Sources */,
				AC9A6CAE281E6E4800E50BD3 /* ScrumsView.swift in Sources */,
				AC9A6C99281E616000E50BD3 /* MeetingView.swift in Sources */,
				AC45892A28DDB647006F7CF2 /* SpeechRecognizer.swift in Sources */,
				AC73139928DB113400ECB605 /* ErrorView.swift in Sources */,
				AC9A6C97281E616000E50BD3 /* ScrumdingerApp.swift in Sources */,
				ACB5FA202828DDBB004DA364 /* ThemeView.swift in Sources */,
				AC9A6CAA281E69AD00E50BD3 /* CardView.swift in Sources */,
				AC3EFE0F28DC2A1700DC30B5 /* SpeakerArc.swift in Sources */,
				ACFC018B28D8AD1200DF3024 /* AVPlayer+Ding.swift in Sources */,
			);
			runOnlyForDeploymentPostprocessing = 0;
		};
/* End PBXSourcesBuildPhase section */

/* Begin XCBuildConfiguration section */
		AC9A6C9F281E616200E50BD3 /* Debug */ = {
			isa = XCBuildConfiguration;
			buildSettings = {
				ALWAYS_SEARCH_USER_PATHS = NO;
				CLANG_ANALYZER_NONNULL = YES;
				CLANG_ANALYZER_NUMBER_OBJECT_CONVERSION = YES_AGGRESSIVE;
				CLANG_CXX_LANGUAGE_STANDARD = "gnu++17";
				CLANG_ENABLE_MODULES = YES;
				CLANG_ENABLE_OBJC_ARC = YES;
				CLANG_ENABLE_OBJC_WEAK = YES;
				CLANG_WARN_BLOCK_CAPTURE_AUTORELEASING = YES;
				CLANG_WARN_BOOL_CONVERSION = YES;
				CLANG_WARN_COMMA = YES;
				CLANG_WARN_CONSTANT_CONVERSION = YES;
				CLANG_WARN_DEPRECATED_OBJC_IMPLEMENTATIONS = YES;
				CLANG_WARN_DIRECT_OBJC_ISA_USAGE = YES_ERROR;
				CLANG_WARN_DOCUMENTATION_COMMENTS = YES;
				CLANG_WARN_EMPTY_BODY = YES;
				CLANG_WARN_ENUM_CONVERSION = YES;
				CLANG_WARN_INFINITE_RECURSION = YES;
				CLANG_WARN_INT_CONVERSION = YES;
				CLANG_WARN_NON_LITERAL_NULL_CONVERSION = YES;
				CLANG_WARN_OBJC_IMPLICIT_RETAIN_SELF = YES;
				CLANG_WARN_OBJC_LITERAL_CONVERSION = YES;
				CLANG_WARN_OBJC_ROOT_CLASS = YES_ERROR;
				CLANG_WARN_QUOTED_INCLUDE_IN_FRAMEWORK_HEADER = YES;
				CLANG_WARN_RANGE_LOOP_ANALYSIS = YES;
				CLANG_WARN_STRICT_PROTOTYPES = YES;
				CLANG_WARN_SUSPICIOUS_MOVE = YES;
				CLANG_WARN_UNGUARDED_AVAILABILITY = YES_AGGRESSIVE;
				CLANG_WARN_UNREACHABLE_CODE = YES;
				CLANG_WARN__DUPLICATE_METHOD_MATCH = YES;
				COPY_PHASE_STRIP = NO;
				DEBUG_INFORMATION_FORMAT = dwarf;
				ENABLE_STRICT_OBJC_MSGSEND = YES;
				ENABLE_TESTABILITY = YES;
				GCC_C_LANGUAGE_STANDARD = gnu11;
				GCC_DYNAMIC_NO_PIC = NO;
				GCC_NO_COMMON_BLOCKS = YES;
				GCC_OPTIMIZATION_LEVEL = 0;
				GCC_PREPROCESSOR_DEFINITIONS = (
					"DEBUG=1",
					"$(inherited)",
				);
				GCC_WARN_64_TO_32_BIT_CONVERSION = YES;
				GCC_WARN_ABOUT_RETURN_TYPE = YES_ERROR;
				GCC_WARN_UNDECLARED_SELECTOR = YES;
				GCC_WARN_UNINITIALIZED_AUTOS = YES_AGGRESSIVE;
				GCC_WARN_UNUSED_FUNCTION = YES;
				GCC_WARN_UNUSED_VARIABLE = YES;
				"INFOPLIST_FILE[sdk=*]" = "";
				IPHONEOS_DEPLOYMENT_TARGET = 15.4;
				MTL_ENABLE_DEBUG_INFO = INCLUDE_SOURCE;
				MTL_FAST_MATH = YES;
				ONLY_ACTIVE_ARCH = YES;
				SDKROOT = iphoneos;
				SWIFT_ACTIVE_COMPILATION_CONDITIONS = DEBUG;
				SWIFT_OPTIMIZATION_LEVEL = "-Onone";
			};
			name = Debug;
		};
		AC9A6CA0281E616200E50BD3 /* Release */ = {
			isa = XCBuildConfiguration;
			buildSettings = {
				ALWAYS_SEARCH_USER_PATHS = NO;
				CLANG_ANALYZER_NONNULL = YES;
				CLANG_ANALYZER_NUMBER_OBJECT_CONVERSION = YES_AGGRESSIVE;
				CLANG_CXX_LANGUAGE_STANDARD = "gnu++17";
				CLANG_ENABLE_MODULES = YES;
				CLANG_ENABLE_OBJC_ARC = YES;
				CLANG_ENABLE_OBJC_WEAK = YES;
				CLANG_WARN_BLOCK_CAPTURE_AUTORELEASING = YES;
				CLANG_WARN_BOOL_CONVERSION = YES;
				CLANG_WARN_COMMA = YES;
				CLANG_WARN_CONSTANT_CONVERSION = YES;
				CLANG_WARN_DEPRECATED_OBJC_IMPLEMENTATIONS = YES;
				CLANG_WARN_DIRECT_OBJC_ISA_USAGE = YES_ERROR;
				CLANG_WARN_DOCUMENTATION_COMMENTS = YES;
				CLANG_WARN_EMPTY_BODY = YES;
				CLANG_WARN_ENUM_CONVERSION = YES;
				CLANG_WARN_INFINITE_RECURSION = YES;
				CLANG_WARN_INT_CONVERSION = YES;
				CLANG_WARN_NON_LITERAL_NULL_CONVERSION = YES;
				CLANG_WARN_OBJC_IMPLICIT_RETAIN_SELF = YES;
				CLANG_WARN_OBJC_LITERAL_CONVERSION = YES;
				CLANG_WARN_OBJC_ROOT_CLASS = YES_ERROR;
				CLANG_WARN_QUOTED_INCLUDE_IN_FRAMEWORK_HEADER = YES;
				CLANG_WARN_RANGE_LOOP_ANALYSIS = YES;
				CLANG_WARN_STRICT_PROTOTYPES = YES;
				CLANG_WARN_SUSPICIOUS_MOVE = YES;
				CLANG_WARN_UNGUARDED_AVAILABILITY = YES_AGGRESSIVE;
				CLANG_WARN_UNREACHABLE_CODE = YES;
				CLANG_WARN__DUPLICATE_METHOD_MATCH = YES;
				COPY_PHASE_STRIP = NO;
				DEBUG_INFORMATION_FORMAT = "dwarf-with-dsym";
				ENABLE_NS_ASSERTIONS = NO;
				ENABLE_STRICT_OBJC_MSGSEND = YES;
				GCC_C_LANGUAGE_STANDARD = gnu11;
				GCC_NO_COMMON_BLOCKS = YES;
				GCC_WARN_64_TO_32_BIT_CONVERSION = YES;
				GCC_WARN_ABOUT_RETURN_TYPE = YES_ERROR;
				GCC_WARN_UNDECLARED_SELECTOR = YES;
				GCC_WARN_UNINITIALIZED_AUTOS = YES_AGGRESSIVE;
				GCC_WARN_UNUSED_FUNCTION = YES;
				GCC_WARN_UNUSED_VARIABLE = YES;
				IPHONEOS_DEPLOYMENT_TARGET = 15.4;
				MTL_ENABLE_DEBUG_INFO = NO;
				MTL_FAST_MATH = YES;
				SDKROOT = iphoneos;
				SWIFT_COMPILATION_MODE = wholemodule;
				SWIFT_OPTIMIZATION_LEVEL = "-O";
				VALIDATE_PRODUCT = YES;
			};
			name = Release;
		};
		AC9A6CA2281E616200E50BD3 /* Debug */ = {
			isa = XCBuildConfiguration;
			buildSettings = {
				ASSETCATALOG_COMPILER_APPICON_NAME = AppIcon;
				ASSETCATALOG_COMPILER_GLOBAL_ACCENT_COLOR_NAME = AccentColor;
				CODE_SIGN_STYLE = Automatic;
				CURRENT_PROJECT_VERSION = 1;
				DEVELOPMENT_ASSET_PATHS = "\"Scrumdinger/Preview Content\"";
				DEVELOPMENT_TEAM = 8N7YRTC92N;
				ENABLE_PREVIEWS = YES;
				GENERATE_INFOPLIST_FILE = YES;
				INFOPLIST_FILE = /Users/baegdaehong/Desktop/xcode/Scrumdinger/info.plist;
				INFOPLIST_KEY_NSMicrophoneUsageDescription = "“Audio is recorded to transcribe the meeting. Audio recordings are discarded after transcription.”";
				INFOPLIST_KEY_NSSpeechRecognitionUsageDescription = "“You can view a text transcription of your meeting in the app.”\n\n“You can view a text transcription of your meeting in the app.”\n\n“You can view a text transcription of your meeting in the app.”\n\n“You can view a text transcription of your meeting in the app.”\n\n“You can view a text transcription of your meeting in the app.”\n\n";
				INFOPLIST_KEY_UIApplicationSceneManifest_Generation = YES;
				INFOPLIST_KEY_UIApplicationSupportsIndirectInputEvents = YES;
				INFOPLIST_KEY_UILaunchScreen_Generation = YES;
				INFOPLIST_KEY_UISupportedInterfaceOrientations_iPad = "UIInterfaceOrientationPortrait UIInterfaceOrientationPortraitUpsideDown UIInterfaceOrientationLandscapeLeft UIInterfaceOrientationLandscapeRight";
				INFOPLIST_KEY_UISupportedInterfaceOrientations_iPhone = "UIInterfaceOrientationPortrait UIInterfaceOrientationLandscapeLeft UIInterfaceOrientationLandscapeRight";
				IPHONEOS_DEPLOYMENT_TARGET = 15.4;
				LD_RUNPATH_SEARCH_PATHS = (
					"$(inherited)",
					"@executable_path/Frameworks",
				);
				MARKETING_VERSION = 1.0;
				PRODUCT_BUNDLE_IDENTIFIER = "dae-bong-ski.Scrumdinger";
				PRODUCT_NAME = "$(TARGET_NAME)";
				SWIFT_EMIT_LOC_STRINGS = YES;
				SWIFT_VERSION = 5.0;
				TARGETED_DEVICE_FAMILY = "1,2";
			};
			name = Debug;
		};
		AC9A6CA3281E616200E50BD3 /* Release */ = {
			isa = XCBuildConfiguration;
			buildSettings = {
				ASSETCATALOG_COMPILER_APPICON_NAME = AppIcon;
				ASSETCATALOG_COMPILER_GLOBAL_ACCENT_COLOR_NAME = AccentColor;
				CODE_SIGN_STYLE = Automatic;
				CURRENT_PROJECT_VERSION = 1;
				DEVELOPMENT_ASSET_PATHS = "\"Scrumdinger/Preview Content\"";
				DEVELOPMENT_TEAM = 8N7YRTC92N;
				ENABLE_PREVIEWS = YES;
				GENERATE_INFOPLIST_FILE = YES;
				INFOPLIST_FILE = /Users/baegdaehong/Desktop/xcode/Scrumdinger/info.plist;
				INFOPLIST_KEY_NSMicrophoneUsageDescription = "“Audio is recorded to transcribe the meeting. Audio recordings are discarded after transcription.”";
				INFOPLIST_KEY_NSSpeechRecognitionUsageDescription = "“You can view a text transcription of your meeting in the app.”\n\n“You can view a text transcription of your meeting in the app.”\n\n“You can view a text transcription of your meeting in the app.”\n\n“You can view a text transcription of your meeting in the app.”\n\n“You can view a text transcription of your meeting in the app.”\n\n";
				INFOPLIST_KEY_UIApplicationSceneManifest_Generation = YES;
				INFOPLIST_KEY_UIApplicationSupportsIndirectInputEvents = YES;
				INFOPLIST_KEY_UILaunchScreen_Generation = YES;
				INFOPLIST_KEY_UISupportedInterfaceOrientations_iPad = "UIInterfaceOrientationPortrait UIInterfaceOrientationPortraitUpsideDown UIInterfaceOrientationLandscapeLeft UIInterfaceOrientationLandscapeRight";
				INFOPLIST_KEY_UISupportedInterfaceOrientations_iPhone = "UIInterfaceOrientationPortrait UIInterfaceOrientationLandscapeLeft UIInterfaceOrientationLandscapeRight";
				IPHONEOS_DEPLOYMENT_TARGET = 15.4;
				LD_RUNPATH_SEARCH_PATHS = (
					"$(inherited)",
					"@executable_path/Frameworks",
				);
				MARKETING_VERSION = 1.0;
				PRODUCT_BUNDLE_IDENTIFIER = "dae-bong-ski.Scrumdinger";
				PRODUCT_NAME = "$(TARGET_NAME)";
				SWIFT_EMIT_LOC_STRINGS = YES;
				SWIFT_VERSION = 5.0;
				TARGETED_DEVICE_FAMILY = "1,2";
			};
			name = Release;
		};
/* End XCBuildConfiguration section */

/* Begin XCConfigurationList section */
		AC9A6C8E281E616000E50BD3 /* Build configuration list for PBXProject "Scrumdinger" */ = {
			isa = XCConfigurationList;
			buildConfigurations = (
				AC9A6C9F281E616200E50BD3 /* Debug */,
				AC9A6CA0281E616200E50BD3 /* Release */,
			);
			defaultConfigurationIsVisible = 0;
			defaultConfigurationName = Release;
		};
		AC9A6CA1281E616200E50BD3 /* Build configuration list for PBXNativeTarget "Scrumdinger" */ = {
			isa = XCConfigurationList;
			buildConfigurations = (
				AC9A6CA2281E616200E50BD3 /* Debug */,
				AC9A6CA3281E616200E50BD3 /* Release */,
			);
			defaultConfigurationIsVisible = 0;
			defaultConfigurationName = Release;
		};
/* End XCConfigurationList section */
	};
	rootObject = AC9A6C8B281E616000E50BD3 /* Project object */;
}
